
Microsoft Visual Studio Solution File, Format Version 12.00
# Visual Studio 15
VisualStudioVersion = 15.0.27703.2042
MinimumVisualStudioVersion = 10.0.40219.1
Project("{FAE04EC0-301F-11D3-BF4B-00C04F79EFBC}") = "SudokuSolver", "SudokuSolver\SudokuSolver.csproj", "{03136E64-0221-4C4A-B37F-24FEB57F836C}"
EndProject
Global
	GlobalSection(SolutionConfigurationPlatforms) = preSolution
		Debug|Any CPU = Debug|Any CPU
		Release|Any CPU = Release|Any CPU
	EndGlobalSection
	GlobalSection(ProjectConfigurationPlatforms) = postSolution
		{03136E64-0221-4C4A-B37F-24FEB57F836C}.Debug|Any CPU.ActiveCfg = Debug|Any CPU
		{03136E64-0221-4C4A-B37F-24FEB57F836C}.Debug|Any CPU.Build.0 = Debug|Any CPU
		{03136E64-0221-4C4A-B37F-24FEB57F836C}.Release|Any CPU.ActiveCfg = Release|Any CPU
		{03136E64-0221-4C4A-B37F-24FEB57F836C}.Release|Any CPU.Build.0 = Release|Any CPU
	EndGlobalSection
	GlobalSection(SolutionProperties) = preSolution
		HideSolutionNode = FALSE
	EndGlobalSection
	GlobalSection(ExtensibilityGlobals) = postSolution
		SolutionGuid = {A9E2EC82-E7BB-499F-8C3E-35E7F57609B6}
	EndGlobalSection
EndGlobal
