
Microsoft Visual Studio Solution File, Format Version 12.00
# Visual Studio 15
VisualStudioVersion = 15.0.27703.2042
MinimumVisualStudioVersion = 10.0.40219.1
Project("{FAE04EC0-301F-11D3-BF4B-00C04F79EFBC}") = "WordUnscambler", "WorldUnscambler\WordUnscambler.csproj", "{F478F42E-BAC1-46F1-A91E-22BB28CA27E9}"
EndProject
Project("{FAE04EC0-301F-11D3-BF4B-00C04F79EFBC}") = "WordUnscrambler.Test.Unit", "WordUnscrambler.Test.Unit\WordUnscrambler.Test.Unit.csproj", "{10EE838E-37FE-48EE-BE51-18CB791D198E}"
EndProject
Global
	GlobalSection(SolutionConfigurationPlatforms) = preSolution
		Debug|Any CPU = Debug|Any CPU
		Release|Any CPU = Release|Any CPU
	EndGlobalSection
	GlobalSection(ProjectConfigurationPlatforms) = postSolution
		{F478F42E-BAC1-46F1-A91E-22BB28CA27E9}.Debug|Any CPU.ActiveCfg = Debug|Any CPU
		{F478F42E-BAC1-46F1-A91E-22BB28CA27E9}.Debug|Any CPU.Build.0 = Debug|Any CPU
		{F478F42E-BAC1-46F1-A91E-22BB28CA27E9}.Release|Any CPU.ActiveCfg = Release|Any CPU
		{F478F42E-BAC1-46F1-A91E-22BB28CA27E9}.Release|Any CPU.Build.0 = Release|Any CPU
		{10EE838E-37FE-48EE-BE51-18CB791D198E}.Debug|Any CPU.ActiveCfg = Debug|Any CPU
		{10EE838E-37FE-48EE-BE51-18CB791D198E}.Debug|Any CPU.Build.0 = Debug|Any CPU
		{10EE838E-37FE-48EE-BE51-18CB791D198E}.Release|Any CPU.ActiveCfg = Release|Any CPU
		{10EE838E-37FE-48EE-BE51-18CB791D198E}.Release|Any CPU.Build.0 = Release|Any CPU
	EndGlobalSection
	GlobalSection(SolutionProperties) = preSolution
		HideSolutionNode = FALSE
	EndGlobalSection
	GlobalSection(ExtensibilityGlobals) = postSolution
		SolutionGuid = {78361267-F359-47A2-AE91-537CAF82DDCD}
	EndGlobalSection
EndGlobal
